
Microsoft Visual Studio Solution File, Format Version 12.00
# Visual Studio Version 16
VisualStudioVersion = 16.6.30114.105
MinimumVisualStudioVersion = 10.0.40219.1
Project("{2150E333-8FDC-42A3-9474-1A3956D46DE8}") = "src", "src", "{65EAA222-1D21-491E-B25F-1E20A8A165FF}"
EndProject
Project("{FAE04EC0-301F-11D3-BF4B-00C04F79EFBC}") = "CommandAPI", "src\CommandAPI\CommandAPI.csproj", "{4740ABC4-BC38-414F-8264-2EFA71AB52C4}"
EndProject
Project("{2150E333-8FDC-42A3-9474-1A3956D46DE8}") = "test", "test", "{B0543A50-E000-4348-97E6-6EE08FDF4093}"
EndProject
Project("{FAE04EC0-301F-11D3-BF4B-00C04F79EFBC}") = "CommandAPI.Tests", "test\CommandAPI.Tests\CommandAPI.Tests.csproj", "{AB2D5250-E0CE-4905-AAF7-04B0D33865C2}"
EndProject
Global
	GlobalSection(SolutionConfigurationPlatforms) = preSolution
		Debug|Any CPU = Debug|Any CPU
		Debug|x64 = Debug|x64
		Debug|x86 = Debug|x86
		Release|Any CPU = Release|Any CPU
		Release|x64 = Release|x64
		Release|x86 = Release|x86
	EndGlobalSection
	GlobalSection(SolutionProperties) = preSolution
		HideSolutionNode = FALSE
	EndGlobalSection
	GlobalSection(ProjectConfigurationPlatforms) = postSolution
		{4740ABC4-BC38-414F-8264-2EFA71AB52C4}.Debug|Any CPU.ActiveCfg = Debug|Any CPU
		{4740ABC4-BC38-414F-8264-2EFA71AB52C4}.Debug|Any CPU.Build.0 = Debug|Any CPU
		{4740ABC4-BC38-414F-8264-2EFA71AB52C4}.Debug|x64.ActiveCfg = Debug|Any CPU
		{4740ABC4-BC38-414F-8264-2EFA71AB52C4}.Debug|x64.Build.0 = Debug|Any CPU
		{4740ABC4-BC38-414F-8264-2EFA71AB52C4}.Debug|x86.ActiveCfg = Debug|Any CPU
		{4740ABC4-BC38-414F-8264-2EFA71AB52C4}.Debug|x86.Build.0 = Debug|Any CPU
		{4740ABC4-BC38-414F-8264-2EFA71AB52C4}.Release|Any CPU.ActiveCfg = Release|Any CPU
		{4740ABC4-BC38-414F-8264-2EFA71AB52C4}.Release|Any CPU.Build.0 = Release|Any CPU
		{4740ABC4-BC38-414F-8264-2EFA71AB52C4}.Release|x64.ActiveCfg = Release|Any CPU
		{4740ABC4-BC38-414F-8264-2EFA71AB52C4}.Release|x64.Build.0 = Release|Any CPU
		{4740ABC4-BC38-414F-8264-2EFA71AB52C4}.Release|x86.ActiveCfg = Release|Any CPU
		{4740ABC4-BC38-414F-8264-2EFA71AB52C4}.Release|x86.Build.0 = Release|Any CPU
		{AB2D5250-E0CE-4905-AAF7-04B0D33865C2}.Debug|Any CPU.ActiveCfg = Debug|Any CPU
		{AB2D5250-E0CE-4905-AAF7-04B0D33865C2}.Debug|Any CPU.Build.0 = Debug|Any CPU
		{AB2D5250-E0CE-4905-AAF7-04B0D33865C2}.Debug|x64.ActiveCfg = Debug|Any CPU
		{AB2D5250-E0CE-4905-AAF7-04B0D33865C2}.Debug|x64.Build.0 = Debug|Any CPU
		{AB2D5250-E0CE-4905-AAF7-04B0D33865C2}.Debug|x86.ActiveCfg = Debug|Any CPU
		{AB2D5250-E0CE-4905-AAF7-04B0D33865C2}.Debug|x86.Build.0 = Debug|Any CPU
		{AB2D5250-E0CE-4905-AAF7-04B0D33865C2}.Release|Any CPU.ActiveCfg = Release|Any CPU
		{AB2D5250-E0CE-4905-AAF7-04B0D33865C2}.Release|Any CPU.Build.0 = Release|Any CPU
		{AB2D5250-E0CE-4905-AAF7-04B0D33865C2}.Release|x64.ActiveCfg = Release|Any CPU
		{AB2D5250-E0CE-4905-AAF7-04B0D33865C2}.Release|x64.Build.0 = Release|Any CPU
		{AB2D5250-E0CE-4905-AAF7-04B0D33865C2}.Release|x86.ActiveCfg = Release|Any CPU
		{AB2D5250-E0CE-4905-AAF7-04B0D33865C2}.Release|x86.Build.0 = Release|Any CPU
	EndGlobalSection
	GlobalSection(NestedProjects) = preSolution
		{4740ABC4-BC38-414F-8264-2EFA71AB52C4} = {65EAA222-1D21-491E-B25F-1E20A8A165FF}
		{AB2D5250-E0CE-4905-AAF7-04B0D33865C2} = {B0543A50-E000-4348-97E6-6EE08FDF4093}
	EndGlobalSection
EndGlobal
